{
  "lockfileVersion": 1,
  "configVersion": 1,
  "workspaces": {
    "": {
      "name": "openclaw-plugin-google-media",
      "dependencies": {
        "@google/generative-ai": "^0.21.0",
        "@sinclair/typebox": "^0.34.0",
      },
    },
  },
  "packages": {
    "@google/generative-ai": ["@google/generative-ai@0.21.0", "", {}, "sha512-7XhUbtnlkSEZK15kN3t+tzIMxsbKm/dSkKBFalj+20NvPKe1kBY7mR2P7vuijEn+f06z5+A8bVGKO0v39cr6Wg=="],

    "@sinclair/typebox": ["@sinclair/typebox@0.34.48", "", {}, "sha512-kKJTNuK3AQOrgjjotVxMrCn1sUJwM76wMszfq1kdU4uYVJjvEWuFQ6HgvLt4Xz3fSmZlTOxJ/Ie13KnIcWQXFA=="],
  }
}
